
Microsoft Visual Studio Solution File, Format Version 12.00
# Visual Studio Version 16
VisualStudioVersion = 16.0.30907.101
MinimumVisualStudioVersion = 10.0.40219.1
Project("{FAE04EC0-301F-11D3-BF4B-00C04F79EFBC}") = "MeteorFall", "MeteorFall.csproj", "{59B1F8FD-6DF7-437A-B8C2-7871765EA184}"
EndProject
Global
	GlobalSection(SolutionConfigurationPlatforms) = preSolution
		Debug|Any CPU = Debug|Any CPU
		Release|Any CPU = Release|Any CPU
	EndGlobalSection
	GlobalSection(ProjectConfigurationPlatforms) = postSolution
		{59B1F8FD-6DF7-437A-B8C2-7871765EA184}.Debug|Any CPU.ActiveCfg = Debug|Any CPU
		{59B1F8FD-6DF7-437A-B8C2-7871765EA184}.Debug|Any CPU.Build.0 = Debug|Any CPU
		{59B1F8FD-6DF7-437A-B8C2-7871765EA184}.Release|Any CPU.ActiveCfg = Release|Any CPU
		{59B1F8FD-6DF7-437A-B8C2-7871765EA184}.Release|Any CPU.Build.0 = Release|Any CPU
	EndGlobalSection
	GlobalSection(SolutionProperties) = preSolution
		HideSolutionNode = FALSE
	EndGlobalSection
	GlobalSection(ExtensibilityGlobals) = postSolution
		SolutionGuid = {56127985-2729-4E47-A55B-0C7A864037F4}
	EndGlobalSection
EndGlobal
